
Microsoft Visual Studio Solution File, Format Version 12.00
# Visual Studio Version 17
VisualStudioVersion = 17.8.34525.116
MinimumVisualStudioVersion = 10.0.40219.1
Project("{9A19103F-16F7-4668-BE54-9A1E7A4F7556}") = "Kub-c#", "Kub-c#.csproj", "{6A7181F6-C639-4DAB-AC0C-3EDEBEE37EEB}"
EndProject
Project("{FAE04EC0-301F-11D3-BF4B-00C04F79EFBC}") = "Kub-c#.DAL", "..\Kub-c#.DAL\Kub-c#.DAL.csproj", "{D24CCA3F-2BE2-469E-A7A8-08AD96C19C22}"
EndProject
Global
	GlobalSection(SolutionConfigurationPlatforms) = preSolution
		Debug|Any CPU = Debug|Any CPU
		Release|Any CPU = Release|Any CPU
	EndGlobalSection
	GlobalSection(ProjectConfigurationPlatforms) = postSolution
		{6A7181F6-C639-4DAB-AC0C-3EDEBEE37EEB}.Debug|Any CPU.ActiveCfg = Debug|Any CPU
		{6A7181F6-C639-4DAB-AC0C-3EDEBEE37EEB}.Debug|Any CPU.Build.0 = Debug|Any CPU
		{6A7181F6-C639-4DAB-AC0C-3EDEBEE37EEB}.Release|Any CPU.ActiveCfg = Release|Any CPU
		{6A7181F6-C639-4DAB-AC0C-3EDEBEE37EEB}.Release|Any CPU.Build.0 = Release|Any CPU
		{D24CCA3F-2BE2-469E-A7A8-08AD96C19C22}.Debug|Any CPU.ActiveCfg = Debug|Any CPU
		{D24CCA3F-2BE2-469E-A7A8-08AD96C19C22}.Debug|Any CPU.Build.0 = Debug|Any CPU
		{D24CCA3F-2BE2-469E-A7A8-08AD96C19C22}.Release|Any CPU.ActiveCfg = Release|Any CPU
		{D24CCA3F-2BE2-469E-A7A8-08AD96C19C22}.Release|Any CPU.Build.0 = Release|Any CPU
	EndGlobalSection
	GlobalSection(SolutionProperties) = preSolution
		HideSolutionNode = FALSE
	EndGlobalSection
	GlobalSection(ExtensibilityGlobals) = postSolution
		SolutionGuid = {AAC0C4C7-1FAB-405F-99A9-D165D735EDE9}
	EndGlobalSection
EndGlobal
